
Microsoft Visual Studio Solution File, Format Version 12.00
# Visual Studio Version 17
VisualStudioVersion = 17.4.33403.182
MinimumVisualStudioVersion = 10.0.40219.1
Project("{9A19103F-16F7-4668-BE54-9A1E7A4F7556}") = "DelegatesPresentation", "DelegatesPresentation\DelegatesPresentation.csproj", "{1832CBE6-2425-4163-8C98-40CFDD8E03CA}"
EndProject
Project("{9A19103F-16F7-4668-BE54-9A1E7A4F7556}") = "Events", "Events\Events.csproj", "{9B2F955E-AB0D-4C68-A792-07D1F65A96A1}"
EndProject
Project("{9A19103F-16F7-4668-BE54-9A1E7A4F7556}") = "FunctionalProgramming", "FunctionalProgramming\FunctionalProgramming.csproj", "{0951E7BC-ABC0-4844-82CE-B9B2FEECBE00}"
EndProject
Global
	GlobalSection(SolutionConfigurationPlatforms) = preSolution
		Debug|Any CPU = Debug|Any CPU
		Release|Any CPU = Release|Any CPU
	EndGlobalSection
	GlobalSection(ProjectConfigurationPlatforms) = postSolution
		{1832CBE6-2425-4163-8C98-40CFDD8E03CA}.Debug|Any CPU.ActiveCfg = Debug|Any CPU
		{1832CBE6-2425-4163-8C98-40CFDD8E03CA}.Debug|Any CPU.Build.0 = Debug|Any CPU
		{1832CBE6-2425-4163-8C98-40CFDD8E03CA}.Release|Any CPU.ActiveCfg = Release|Any CPU
		{1832CBE6-2425-4163-8C98-40CFDD8E03CA}.Release|Any CPU.Build.0 = Release|Any CPU
		{9B2F955E-AB0D-4C68-A792-07D1F65A96A1}.Debug|Any CPU.ActiveCfg = Debug|Any CPU
		{9B2F955E-AB0D-4C68-A792-07D1F65A96A1}.Debug|Any CPU.Build.0 = Debug|Any CPU
		{9B2F955E-AB0D-4C68-A792-07D1F65A96A1}.Release|Any CPU.ActiveCfg = Release|Any CPU
		{9B2F955E-AB0D-4C68-A792-07D1F65A96A1}.Release|Any CPU.Build.0 = Release|Any CPU
		{0951E7BC-ABC0-4844-82CE-B9B2FEECBE00}.Debug|Any CPU.ActiveCfg = Debug|Any CPU
		{0951E7BC-ABC0-4844-82CE-B9B2FEECBE00}.Debug|Any CPU.Build.0 = Debug|Any CPU
		{0951E7BC-ABC0-4844-82CE-B9B2FEECBE00}.Release|Any CPU.ActiveCfg = Release|Any CPU
		{0951E7BC-ABC0-4844-82CE-B9B2FEECBE00}.Release|Any CPU.Build.0 = Release|Any CPU
	EndGlobalSection
	GlobalSection(SolutionProperties) = preSolution
		HideSolutionNode = FALSE
	EndGlobalSection
	GlobalSection(ExtensibilityGlobals) = postSolution
		SolutionGuid = {A660A17C-F26D-409A-BC43-72796EC02C43}
	EndGlobalSection
EndGlobal
